
Microsoft Visual Studio Solution File, Format Version 12.00
# Visual Studio Version 16
VisualStudioVersion = 16.0.32602.291
MinimumVisualStudioVersion = 10.0.40219.1
Project("{8BC9CEB8-8B4A-11D0-8D11-00A0C91BC942}") = "7.24", "7.24.vcxproj", "{0131941B-F084-4F26-B2D5-C99BB97F8F7B}"
EndProject
Global
	GlobalSection(SolutionConfigurationPlatforms) = preSolution
		Debug|x64 = Debug|x64
		Debug|x86 = Debug|x86
		Release|x64 = Release|x64
		Release|x86 = Release|x86
	EndGlobalSection
	GlobalSection(ProjectConfigurationPlatforms) = postSolution
		{0131941B-F084-4F26-B2D5-C99BB97F8F7B}.Debug|x64.ActiveCfg = Debug|x64
		{0131941B-F084-4F26-B2D5-C99BB97F8F7B}.Debug|x64.Build.0 = Debug|x64
		{0131941B-F084-4F26-B2D5-C99BB97F8F7B}.Debug|x86.ActiveCfg = Debug|Win32
		{0131941B-F084-4F26-B2D5-C99BB97F8F7B}.Debug|x86.Build.0 = Debug|Win32
		{0131941B-F084-4F26-B2D5-C99BB97F8F7B}.Release|x64.ActiveCfg = Release|x64
		{0131941B-F084-4F26-B2D5-C99BB97F8F7B}.Release|x64.Build.0 = Release|x64
		{0131941B-F084-4F26-B2D5-C99BB97F8F7B}.Release|x86.ActiveCfg = Release|Win32
		{0131941B-F084-4F26-B2D5-C99BB97F8F7B}.Release|x86.Build.0 = Release|Win32
	EndGlobalSection
	GlobalSection(SolutionProperties) = preSolution
		HideSolutionNode = FALSE
	EndGlobalSection
	GlobalSection(ExtensibilityGlobals) = postSolution
		SolutionGuid = {0F6AE7D9-8D46-43D2-A228-ADFB3C814003}
	EndGlobalSection
EndGlobal
