
Microsoft Visual Studio Solution File, Format Version 12.00
# Visual Studio Version 16
VisualStudioVersion = 16.0.32602.291
MinimumVisualStudioVersion = 10.0.40219.1
Project("{8BC9CEB8-8B4A-11D0-8D11-00A0C91BC942}") = "7.28", "7.28.vcxproj", "{B8D11E7B-70DF-4B1C-B91C-01B30F5A2D94}"
EndProject
Global
	GlobalSection(SolutionConfigurationPlatforms) = preSolution
		Debug|x64 = Debug|x64
		Debug|x86 = Debug|x86
		Release|x64 = Release|x64
		Release|x86 = Release|x86
	EndGlobalSection
	GlobalSection(ProjectConfigurationPlatforms) = postSolution
		{B8D11E7B-70DF-4B1C-B91C-01B30F5A2D94}.Debug|x64.ActiveCfg = Debug|x64
		{B8D11E7B-70DF-4B1C-B91C-01B30F5A2D94}.Debug|x64.Build.0 = Debug|x64
		{B8D11E7B-70DF-4B1C-B91C-01B30F5A2D94}.Debug|x86.ActiveCfg = Debug|Win32
		{B8D11E7B-70DF-4B1C-B91C-01B30F5A2D94}.Debug|x86.Build.0 = Debug|Win32
		{B8D11E7B-70DF-4B1C-B91C-01B30F5A2D94}.Release|x64.ActiveCfg = Release|x64
		{B8D11E7B-70DF-4B1C-B91C-01B30F5A2D94}.Release|x64.Build.0 = Release|x64
		{B8D11E7B-70DF-4B1C-B91C-01B30F5A2D94}.Release|x86.ActiveCfg = Release|Win32
		{B8D11E7B-70DF-4B1C-B91C-01B30F5A2D94}.Release|x86.Build.0 = Release|Win32
	EndGlobalSection
	GlobalSection(SolutionProperties) = preSolution
		HideSolutionNode = FALSE
	EndGlobalSection
	GlobalSection(ExtensibilityGlobals) = postSolution
		SolutionGuid = {B84AFAB1-5FD8-45D4-9767-BDF3E4B924E0}
	EndGlobalSection
EndGlobal
